
Microsoft Visual Studio Solution File, Format Version 12.00
# Visual Studio Version 17
VisualStudioVersion = 17.14.36408.4
MinimumVisualStudioVersion = 10.0.40219.1
Project("{FAE04EC0-301F-11D3-BF4B-00C04F79EFBC}") = "BigO.Types", "BigO.Types\BigO.Types.csproj", "{C335ADE0-390A-401B-9E06-CD6E21E5E5D3}"
EndProject
Project("{FAE04EC0-301F-11D3-BF4B-00C04F79EFBC}") = "BigO.Types.Tests", "BigO.Types.Tests\BigO.Types.Tests.csproj", "{D7593ADC-E9E9-4468-BCF8-472888FD3746}"
EndProject
Global
	GlobalSection(SolutionConfigurationPlatforms) = preSolution
		Debug|Any CPU = Debug|Any CPU
		Release|Any CPU = Release|Any CPU
	EndGlobalSection
	GlobalSection(ProjectConfigurationPlatforms) = postSolution
		{C335ADE0-390A-401B-9E06-CD6E21E5E5D3}.Debug|Any CPU.ActiveCfg = Debug|Any CPU
		{C335ADE0-390A-401B-9E06-CD6E21E5E5D3}.Debug|Any CPU.Build.0 = Debug|Any CPU
		{C335ADE0-390A-401B-9E06-CD6E21E5E5D3}.Release|Any CPU.ActiveCfg = Release|Any CPU
		{C335ADE0-390A-401B-9E06-CD6E21E5E5D3}.Release|Any CPU.Build.0 = Release|Any CPU
		{D7593ADC-E9E9-4468-BCF8-472888FD3746}.Debug|Any CPU.ActiveCfg = Debug|Any CPU
		{D7593ADC-E9E9-4468-BCF8-472888FD3746}.Debug|Any CPU.Build.0 = Debug|Any CPU
		{D7593ADC-E9E9-4468-BCF8-472888FD3746}.Release|Any CPU.ActiveCfg = Release|Any CPU
		{D7593ADC-E9E9-4468-BCF8-472888FD3746}.Release|Any CPU.Build.0 = Release|Any CPU
	EndGlobalSection
	GlobalSection(SolutionProperties) = preSolution
		HideSolutionNode = FALSE
	EndGlobalSection
	GlobalSection(ExtensibilityGlobals) = postSolution
		SolutionGuid = {25224572-FD30-4AA9-872E-4806A7111B24}
	EndGlobalSection
EndGlobal
